
Microsoft Visual Studio Solution File, Format Version 12.00
# Visual Studio 15
VisualStudioVersion = 15.0.27703.2000
MinimumVisualStudioVersion = 10.0.40219.1
Project("{FAE04EC0-301F-11D3-BF4B-00C04F79EFBC}") = "Jasons Home Project", "Jasons Home Project\Jasons Home Project.csproj", "{4BBC36AE-2478-4648-BC9F-DBB9F1B8F4E2}"
EndProject
Global
	GlobalSection(SolutionConfigurationPlatforms) = preSolution
		Debug|Any CPU = Debug|Any CPU
		Release|Any CPU = Release|Any CPU
	EndGlobalSection
	GlobalSection(ProjectConfigurationPlatforms) = postSolution
		{4BBC36AE-2478-4648-BC9F-DBB9F1B8F4E2}.Debug|Any CPU.ActiveCfg = Debug|Any CPU
		{4BBC36AE-2478-4648-BC9F-DBB9F1B8F4E2}.Debug|Any CPU.Build.0 = Debug|Any CPU
		{4BBC36AE-2478-4648-BC9F-DBB9F1B8F4E2}.Release|Any CPU.ActiveCfg = Release|Any CPU
		{4BBC36AE-2478-4648-BC9F-DBB9F1B8F4E2}.Release|Any CPU.Build.0 = Release|Any CPU
	EndGlobalSection
	GlobalSection(SolutionProperties) = preSolution
		HideSolutionNode = FALSE
	EndGlobalSection
	GlobalSection(ExtensibilityGlobals) = postSolution
		SolutionGuid = {D5B06824-368E-4E2E-A771-0CD094181787}
	EndGlobalSection
EndGlobal
